{
  "lockfileVersion": 3,
  "requires": true,
  "packages": {
    "": {
      "devDependencies": {
      }
    },
      "dev": true,
      "dependencies": {
      }
    },
      "dev": true,
      "dependencies": {
      }
    },
      "dev": true,
      "dependencies": {
      }
    },
      "dev": true,
      "dependencies": {
      },
      "funding": {
      },
      "peerDependencies": {
      }
    },
      "dev": true,
      "funding": {
      }
    },
      "dev": true,
      "engines": {
      }
    },
      "dev": true,
      "engines": {
      }
    },
      "dev": true,
      "engines": {
      }
    },
      "dev": true,
      "engines": {
      }
    },
      "dev": true,
      "engines": {
      }
    },
      "dev": true,
      "engines": {
      }
    },
      "dev": true,
      "engines": {
      }
    },
      "dev": true,
      "engines": {
      }
    },
      "dev": true,
      "engines": {
      }
    },
      "dev": true,
      "engines": {
      }
    },
      "dev": true,
      "engines": {
      }
    },
      "dev": true,
      "engines": {
      }
    },
      "dev": true,
      "dependencies": {
      },
      "engines": {
      }
    },
      "dev": true,
      "engines": {
      }
    },
      "dev": true,
      "engines": {
      }
    },
      "dev": true,
      "dependencies": {
      }
    },
      "dev": true,
      "engines": {
        "node": ">=8"
      }
    },
      "dev": true,
      "engines": {
      },
      "peerDependencies": {
      },
      "peerDependenciesMeta": {
          "optional": true
        }
      }
    },
      "dev": true,
      "engines": {
      }
    },
      "dev": true,
      "dependencies": {
      },
      "engines": {
      },
      "funding": {
        "type": "opencollective",
      },
      }
    },
      "dev": true,
      "engines": {
      },
      "funding": {
        "type": "opencollective",
      }
    },
      "dev": true,
      "engines": {
      },
      "funding": {
        "type": "opencollective",
      }
    },
      "dev": true,
      "engines": {
      },
      "funding": {
        "type": "opencollective",
      }
    },
      "dev": true,
      "engines": {
      },
      "funding": {
        "type": "opencollective",
      }
    },
      "dev": true,
      "engines": {
      },
      "funding": {
        "type": "opencollective",
      }
    },
      "dev": true,
      "engines": {
      },
      "funding": {
        "type": "opencollective",
      }
    },
      "dev": true,
      ],
      "engines": {
      },
      "funding": {
        "type": "opencollective",
    },
      ],
      "dev": true,
      ],
      "engines": {
      },
      "funding": {
        "type": "opencollective",
      }
    },
      "dev": true,
      "engines": {
      },
      "funding": {
        "type": "opencollective",
      }
    },
      "dev": true,
      "optional": true,
      "os": [
      ],
      "engines": {
      },
      "funding": {
        "type": "opencollective",
      }
    },
      ],
      "dev": true,
      ],
      "engines": {
      },
      "funding": {
        "type": "opencollective",
      }
    },
    "node_modules/nanoid": {
      "version": "3.3.16",
      "resolved": "https://registry.npmjs.org/nanoid/-/nanoid-3.3.16.tgz",
      "integrity": "sha512-bzlKTyNJ7+LdGIIwy8ijFpIqEQIvafahV7eYykJ8Cvh42EdJeODoJ6gUJXpQJvej1BddH8OqTXZNE/KfbWAu8Q==",
      "funding": [
        {
          "type": "github",
          "url": "https://github.com/sponsors/ai"
        }
      ],
      "bin": {
        "nanoid": "bin/nanoid.cjs"
      },
      "engines": {
        "node": "^10 || ^12 || ^13.7 || ^14 || >=15.0.1"
      }
    },
    "node_modules/picocolors": {
      "version": "1.1.1",
      "resolved": "https://registry.npmjs.org/picocolors/-/picocolors-1.1.1.tgz",
      "integrity": "sha512-xceH2snhtb5M9liqDsmEw56le376mTZkEX/jEb/RxNFyegNul7eNslCXP9FDj/Lcu0X8KEyMceP2ntpaHrDEVA==",
    },
    "node_modules/picomatch": {
      "engines": {
      },
      "funding": {
        "url": "https://github.com/sponsors/jonschlinkert"
      }
    },
      "dev": true,
      "funding": [
        {
          "type": "opencollective",
        },
        },
        {
          "type": "github",
        }
      ],
      "dependencies": {
      },
      "engines": {
      }
    },
      "dev": true,
      "dependencies": {
      },
      "bin": {
      },
      "engines": {
      },
      }
    },
      "dev": true,
      "engines": {
        "node": ">=0.10.0"
      }
    },
    "node_modules/tinyglobby": {
      "version": "0.2.17",
      "resolved": "https://registry.npmjs.org/tinyglobby/-/tinyglobby-0.2.17.tgz",
      "integrity": "sha512-wXR/dYpcqKmfWpEdZjiKJOwCNFndD0DMnrW/cYjVGttEkBfVgcLFHoNrlj47mjOVic9yyNu65alsgF4NQyTa2g==",
      "dependencies": {
        "fdir": "^6.5.0",
        "picomatch": "^4.0.4"
      },
      "engines": {
        "node": ">=12.0.0"
      },
      "funding": {
        "url": "https://github.com/sponsors/SuperchupuDev"
      }
    },
      "dev": true,
    },
      "dev": true,
      "dependencies": {
      },
      "bin": {
      },
      "engines": {
      },
      "funding": {
      },
      },
      "peerDependencies": {
      }
    }
  }
}
